
Microsoft Visual Studio Solution File, Format Version 12.00
# Visual Studio Version 16
VisualStudioVersion = 16.0.29418.71
MinimumVisualStudioVersion = 10.0.40219.1
Project("{9A19103F-16F7-4668-BE54-9A1E7A4F7556}") = "Samples", "Samples\Samples.csproj", "{A302196D-1A72-4041-9F7B-853DB7B016A4}"
EndProject
Project("{FAE04EC0-301F-11D3-BF4B-00C04F79EFBC}") = "Samples.Tests", "Samples.Tests\Samples.Tests.csproj", "{C6D5A164-0F4F-43DA-883E-41B0EF186C1A}"
EndProject
Global
	GlobalSection(SolutionConfigurationPlatforms) = preSolution
		Debug|Any CPU = Debug|Any CPU
		Release|Any CPU = Release|Any CPU
	EndGlobalSection
	GlobalSection(ProjectConfigurationPlatforms) = postSolution
		{A302196D-1A72-4041-9F7B-853DB7B016A4}.Debug|Any CPU.ActiveCfg = Debug|Any CPU
		{A302196D-1A72-4041-9F7B-853DB7B016A4}.Debug|Any CPU.Build.0 = Debug|Any CPU
		{A302196D-1A72-4041-9F7B-853DB7B016A4}.Release|Any CPU.ActiveCfg = Release|Any CPU
		{A302196D-1A72-4041-9F7B-853DB7B016A4}.Release|Any CPU.Build.0 = Release|Any CPU
		{C6D5A164-0F4F-43DA-883E-41B0EF186C1A}.Debug|Any CPU.ActiveCfg = Debug|Any CPU
		{C6D5A164-0F4F-43DA-883E-41B0EF186C1A}.Debug|Any CPU.Build.0 = Debug|Any CPU
		{C6D5A164-0F4F-43DA-883E-41B0EF186C1A}.Release|Any CPU.ActiveCfg = Release|Any CPU
		{C6D5A164-0F4F-43DA-883E-41B0EF186C1A}.Release|Any CPU.Build.0 = Release|Any CPU
	EndGlobalSection
	GlobalSection(SolutionProperties) = preSolution
		HideSolutionNode = FALSE
	EndGlobalSection
	GlobalSection(ExtensibilityGlobals) = postSolution
		SolutionGuid = {5EBCA114-D606-4C33-895A-BEBFAE085FE9}
	EndGlobalSection
EndGlobal
